// !$*UTF8*$!
{
	archiveVersion = 1;
	classes = {
	};
	objectVersion = 77;
	objects = {

/* Begin PBXBuildFile section */
		B506A9E22EC8341A0086F657 /* BlurHashKit in Frameworks */ = {isa = PBXBuildFile; productRef = B506A9E12EC8341A0086F657 /* BlurHashKit */; };
		B593D4B62EEB58090015EB83 /* TVServices.framework in Frameworks */ = {isa = PBXBuildFile; fileRef = B593D4B52EEB58090015EB83 /* TVServices.framework */; };
		B593D4BD2EEB58090015EB83 /* TopShelf.appex in Embed Foundation Extensions */ = {isa = PBXBuildFile; fileRef = B593D4B32EEB58090015EB83 /* TopShelf.appex */; settings = {ATTRIBUTES = (RemoveHeadersOnCopy, ); }; };
/* End PBXBuildFile section */

/* Begin PBXContainerItemProxy section */
		B593D4BB2EEB58090015EB83 /* PBXContainerItemProxy */ = {
			isa = PBXContainerItemProxy;
			containerPortal = B5625A442EC4EDF500C0507C /* Project object */;
			proxyType = 1;
			remoteGlobalIDString = B593D4B22EEB58090015EB83;
			remoteInfo = TopShelf;
		};
/* End PBXContainerItemProxy section */

/* Begin PBXCopyFilesBuildPhase section */
		B593D4C22EEB58090015EB83 /* Embed Foundation Extensions */ = {
			isa = PBXCopyFilesBuildPhase;
			buildActionMask = 2147483647;
			dstPath = "";
			dstSubfolderSpec = 13;
			files = (
				B593D4BD2EEB58090015EB83 /* TopShelf.appex in Embed Foundation Extensions */,
			);
			name = "Embed Foundation Extensions";
			runOnlyForDeploymentPostprocessing = 0;
		};
/* End PBXCopyFilesBuildPhase section */

/* Begin PBXFileReference section */
		B5625A4C2EC4EDF500C0507C /* Stingray.app */ = {isa = PBXFileReference; explicitFileType = wrapper.application; includeInIndex = 0; path = Stingray.app; sourceTree = BUILT_PRODUCTS_DIR; };
		B593D4B32EEB58090015EB83 /* TopShelf.appex */ = {isa = PBXFileReference; explicitFileType = "wrapper.app-extension"; includeInIndex = 0; path = TopShelf.appex; sourceTree = BUILT_PRODUCTS_DIR; };
		B593D4B52EEB58090015EB83 /* TVServices.framework */ = {isa = PBXFileReference; lastKnownFileType = wrapper.framework; name = TVServices.framework; path = System/Library/Frameworks/TVServices.framework; sourceTree = SDKROOT; };
/* End PBXFileReference section */

/* Begin PBXFileSystemSynchronizedBuildFileExceptionSet section */
		B593D4BE2EEB58090015EB83 /* Exceptions for "TopShelf" folder in "TopShelf" target */ = {
			isa = PBXFileSystemSynchronizedBuildFileExceptionSet;
			membershipExceptions = (
				Info.plist,
			);
			target = B593D4B22EEB58090015EB83 /* TopShelf */;
		};
		B593D4C42EEB58590015EB83 /* Exceptions for "Stingray" folder in "TopShelf" target */ = {
			isa = PBXFileSystemSynchronizedBuildFileExceptionSet;
			membershipExceptions = (
				APIs/APIBasicNetwork.swift,
				APIs/APIStorage.swift,
				APIs/APIUserStorage.swift,
				APIs/KeychainHelper.swift,
				Extensions/DecoderExtension.swift,
				Extensions/TimeIntervalExtension.swift,
				Extensions/URLExtension.swift,
				Models/RErrorModel.swift,
				Models/SlimMediaModel.swift,
				Models/StreamingServiceBasicModel.swift,
				Models/UserModel.swift,
			);
			target = B593D4B22EEB58090015EB83 /* TopShelf */;
		};
		B5CB94A62EEB80FE00F5F9BD /* Exceptions for "Stingray" folder in "Stingray" target */ = {
			isa = PBXFileSystemSynchronizedBuildFileExceptionSet;
			membershipExceptions = (
				Info.plist,
			);
			target = B5625A4B2EC4EDF500C0507C /* Stingray */;
		};
/* End PBXFileSystemSynchronizedBuildFileExceptionSet section */

/* Begin PBXFileSystemSynchronizedRootGroup section */
		B5625A4E2EC4EDF500C0507C /* Stingray */ = {
			isa = PBXFileSystemSynchronizedRootGroup;
			exceptions = (
				B5CB94A62EEB80FE00F5F9BD /* Exceptions for "Stingray" folder in "Stingray" target */,
				B593D4C42EEB58590015EB83 /* Exceptions for "Stingray" folder in "TopShelf" target */,
			);
			path = Stingray;
			sourceTree = "<group>";
		};
		B593D4B72EEB58090015EB83 /* TopShelf */ = {
			isa = PBXFileSystemSynchronizedRootGroup;
			exceptions = (
				B593D4BE2EEB58090015EB83 /* Exceptions for "TopShelf" folder in "TopShelf" target */,
			);
			path = TopShelf;
			sourceTree = "<group>";
		};
/* End PBXFileSystemSynchronizedRootGroup section */

/* Begin PBXFrameworksBuildPhase section */
		B5625A492EC4EDF500C0507C /* Frameworks */ = {
			isa = PBXFrameworksBuildPhase;
			buildActionMask = 2147483647;
			files = (
				B506A9E22EC8341A0086F657 /* BlurHashKit in Frameworks */,
			);
			runOnlyForDeploymentPostprocessing = 0;
		};
		B593D4B02EEB58090015EB83 /* Frameworks */ = {
			isa = PBXFrameworksBuildPhase;
			buildActionMask = 2147483647;
			files = (
				B593D4B62EEB58090015EB83 /* TVServices.framework in Frameworks */,
			);
			runOnlyForDeploymentPostprocessing = 0;
		};
/* End PBXFrameworksBuildPhase section */

/* Begin PBXGroup section */
		B5625A432EC4EDF500C0507C = {
			isa = PBXGroup;
			children = (
				B5625A4E2EC4EDF500C0507C /* Stingray */,
				B593D4B72EEB58090015EB83 /* TopShelf */,
				B593D4B42EEB58090015EB83 /* Frameworks */,
				B5625A4D2EC4EDF500C0507C /* Products */,
			);
			sourceTree = "<group>";
		};
		B5625A4D2EC4EDF500C0507C /* Products */ = {
			isa = PBXGroup;
			children = (
				B5625A4C2EC4EDF500C0507C /* Stingray.app */,
				B593D4B32EEB58090015EB83 /* TopShelf.appex */,
			);
			name = Products;
			sourceTree = "<group>";
		};
		B593D4B42EEB58090015EB83 /* Frameworks */ = {
			isa = PBXGroup;
			children = (
				B593D4B52EEB58090015EB83 /* TVServices.framework */,
			);
			name = Frameworks;
			sourceTree = "<group>";
		};
/* End PBXGroup section */

/* Begin PBXNativeTarget section */
		B5625A4B2EC4EDF500C0507C /* Stingray */ = {
			isa = PBXNativeTarget;
			buildConfigurationList = B5625A572EC4EDF700C0507C /* Build configuration list for PBXNativeTarget "Stingray" */;
			buildPhases = (
				B5625A482EC4EDF500C0507C /* Sources */,
				B5625A492EC4EDF500C0507C /* Frameworks */,
				B5625A4A2EC4EDF500C0507C /* Resources */,
				B593D4C22EEB58090015EB83 /* Embed Foundation Extensions */,
			);
			buildRules = (
			);
			dependencies = (
				B56CD24D2EE78F1C00B1F21F /* PBXTargetDependency */,
				B593D4BC2EEB58090015EB83 /* PBXTargetDependency */,
			);
			fileSystemSynchronizedGroups = (
				B5625A4E2EC4EDF500C0507C /* Stingray */,
			);
			name = Stingray;
			packageProductDependencies = (
				B506A9E12EC8341A0086F657 /* BlurHashKit */,
			);
			productName = Stingray;
			productReference = B5625A4C2EC4EDF500C0507C /* Stingray.app */;
			productType = "com.apple.product-type.application";
		};
		B593D4B22EEB58090015EB83 /* TopShelf */ = {
			isa = PBXNativeTarget;
			buildConfigurationList = B593D4BF2EEB58090015EB83 /* Build configuration list for PBXNativeTarget "TopShelf" */;
			buildPhases = (
				B593D4AF2EEB58090015EB83 /* Sources */,
				B593D4B02EEB58090015EB83 /* Frameworks */,
				B593D4B12EEB58090015EB83 /* Resources */,
			);
			buildRules = (
			);
			dependencies = (
			);
			fileSystemSynchronizedGroups = (
				B593D4B72EEB58090015EB83 /* TopShelf */,
			);
			name = TopShelf;
			packageProductDependencies = (
			);
			productName = TopShelf;
			productReference = B593D4B32EEB58090015EB83 /* TopShelf.appex */;
			productType = "com.apple.product-type.app-extension";
		};
/* End PBXNativeTarget section */

/* Begin PBXProject section */
		B5625A442EC4EDF500C0507C /* Project object */ = {
			isa = PBXProject;
			attributes = {
				BuildIndependentTargetsInParallel = 1;
				LastSwiftUpdateCheck = 2610;
				LastUpgradeCheck = 2620;
				TargetAttributes = {
					B5625A4B2EC4EDF500C0507C = {
						CreatedOnToolsVersion = 26.1.1;
					};
					B593D4B22EEB58090015EB83 = {
						CreatedOnToolsVersion = 26.1.1;
					};
				};
			};
			buildConfigurationList = B5625A472EC4EDF500C0507C /* Build configuration list for PBXProject "Stingray" */;
			developmentRegion = en;
			hasScannedForEncodings = 0;
			knownRegions = (
				en,
				Base,
			);
			mainGroup = B5625A432EC4EDF500C0507C;
			minimizedProjectReferenceProxies = 1;
			packageReferences = (
				B506A9E02EC8341A0086F657 /* XCRemoteSwiftPackageReference "BlurHashKit" */,
				B56CD24B2EE78EE600B1F21F /* XCRemoteSwiftPackageReference "SwiftLintPlugins" */,
			);
			preferredProjectObjectVersion = 77;
			productRefGroup = B5625A4D2EC4EDF500C0507C /* Products */;
			projectDirPath = "";
			projectRoot = "";
			targets = (
				B5625A4B2EC4EDF500C0507C /* Stingray */,
				B593D4B22EEB58090015EB83 /* TopShelf */,
			);
		};
/* End PBXProject section */

/* Begin PBXResourcesBuildPhase section */
		B5625A4A2EC4EDF500C0507C /* Resources */ = {
			isa = PBXResourcesBuildPhase;
			buildActionMask = 2147483647;
			files = (
			);
			runOnlyForDeploymentPostprocessing = 0;
		};
		B593D4B12EEB58090015EB83 /* Resources */ = {
			isa = PBXResourcesBuildPhase;
			buildActionMask = 2147483647;
			files = (
			);
			runOnlyForDeploymentPostprocessing = 0;
		};
/* End PBXResourcesBuildPhase section */

/* Begin PBXSourcesBuildPhase section */
		B5625A482EC4EDF500C0507C /* Sources */ = {
			isa = PBXSourcesBuildPhase;
			buildActionMask = 2147483647;
			files = (
			);
			runOnlyForDeploymentPostprocessing = 0;
		};
		B593D4AF2EEB58090015EB83 /* Sources */ = {
			isa = PBXSourcesBuildPhase;
			buildActionMask = 2147483647;
			files = (
			);
			runOnlyForDeploymentPostprocessing = 0;
		};
/* End PBXSourcesBuildPhase section */

/* Begin PBXTargetDependency section */
		B56CD24D2EE78F1C00B1F21F /* PBXTargetDependency */ = {
			isa = PBXTargetDependency;
			productRef = B56CD24C2EE78F1C00B1F21F /* SwiftLintBuildToolPlugin */;
		};
		B593D4BC2EEB58090015EB83 /* PBXTargetDependency */ = {
			isa = PBXTargetDependency;
			target = B593D4B22EEB58090015EB83 /* TopShelf */;
			targetProxy = B593D4BB2EEB58090015EB83 /* PBXContainerItemProxy */;
		};
/* End PBXTargetDependency section */

/* Begin XCBuildConfiguration section */
		B5625A552EC4EDF700C0507C /* Debug */ = {
			isa = XCBuildConfiguration;
			buildSettings = {
				ALWAYS_SEARCH_USER_PATHS = NO;
				ASSETCATALOG_COMPILER_GENERATE_SWIFT_ASSET_SYMBOL_EXTENSIONS = YES;
				CLANG_ANALYZER_NONNULL = YES;
				CLANG_ANALYZER_NUMBER_OBJECT_CONVERSION = YES_AGGRESSIVE;
				CLANG_CXX_LANGUAGE_STANDARD = "gnu++20";
				CLANG_ENABLE_MODULES = YES;
				CLANG_ENABLE_OBJC_ARC = YES;
				CLANG_ENABLE_OBJC_WEAK = YES;
				CLANG_WARN_BLOCK_CAPTURE_AUTORELEASING = YES;
				CLANG_WARN_BOOL_CONVERSION = YES;
				CLANG_WARN_COMMA = YES;
				CLANG_WARN_CONSTANT_CONVERSION = YES;
				CLANG_WARN_DEPRECATED_OBJC_IMPLEMENTATIONS = YES;
				CLANG_WARN_DIRECT_OBJC_ISA_USAGE = YES_ERROR;
				CLANG_WARN_DOCUMENTATION_COMMENTS = YES;
				CLANG_WARN_EMPTY_BODY = YES;
				CLANG_WARN_ENUM_CONVERSION = YES;
				CLANG_WARN_INFINITE_RECURSION = YES;
				CLANG_WARN_INT_CONVERSION = YES;
				CLANG_WARN_NON_LITERAL_NULL_CONVERSION = YES;
				CLANG_WARN_OBJC_IMPLICIT_RETAIN_SELF = YES;
				CLANG_WARN_OBJC_LITERAL_CONVERSION = YES;
				CLANG_WARN_OBJC_ROOT_CLASS = YES_ERROR;
				CLANG_WARN_QUOTED_INCLUDE_IN_FRAMEWORK_HEADER = YES;
				CLANG_WARN_RANGE_LOOP_ANALYSIS = YES;
				CLANG_WARN_STRICT_PROTOTYPES = YES;
				CLANG_WARN_SUSPICIOUS_MOVE = YES;
				CLANG_WARN_UNGUARDED_AVAILABILITY = YES_AGGRESSIVE;
				CLANG_WARN_UNREACHABLE_CODE = YES;
				CLANG_WARN__DUPLICATE_METHOD_MATCH = YES;
				COPY_PHASE_STRIP = NO;
				DEBUG_INFORMATION_FORMAT = dwarf;
				DEVELOPMENT_TEAM = 68A766T4GX;
				ENABLE_STRICT_OBJC_MSGSEND = YES;
				ENABLE_TESTABILITY = YES;
				ENABLE_USER_SCRIPT_SANDBOXING = YES;
				GCC_C_LANGUAGE_STANDARD = gnu17;
				GCC_DYNAMIC_NO_PIC = NO;
				GCC_NO_COMMON_BLOCKS = YES;
				GCC_OPTIMIZATION_LEVEL = 0;
				GCC_PREPROCESSOR_DEFINITIONS = (
					"DEBUG=1",
					"$(inherited)",
				);
				GCC_WARN_64_TO_32_BIT_CONVERSION = YES;
				GCC_WARN_ABOUT_RETURN_TYPE = YES_ERROR;
				GCC_WARN_UNDECLARED_SELECTOR = YES;
				GCC_WARN_UNINITIALIZED_AUTOS = YES_AGGRESSIVE;
				GCC_WARN_UNUSED_FUNCTION = YES;
				GCC_WARN_UNUSED_VARIABLE = YES;
				LOCALIZATION_PREFERS_STRING_CATALOGS = YES;
				MTL_ENABLE_DEBUG_INFO = INCLUDE_SOURCE;
				MTL_FAST_MATH = YES;
				ONLY_ACTIVE_ARCH = YES;
				SDKROOT = appletvos;
				STRING_CATALOG_GENERATE_SYMBOLS = YES;
				SWIFT_ACTIVE_COMPILATION_CONDITIONS = "DEBUG $(inherited)";
				SWIFT_OPTIMIZATION_LEVEL = "-Onone";
				SWIFT_VERSION = 5.0;
				TVOS_DEPLOYMENT_TARGET = 18.6;
			};
			name = Debug;
		};
		B5625A562EC4EDF700C0507C /* Release */ = {
			isa = XCBuildConfiguration;
			buildSettings = {
				ALWAYS_SEARCH_USER_PATHS = NO;
				ASSETCATALOG_COMPILER_GENERATE_SWIFT_ASSET_SYMBOL_EXTENSIONS = YES;
				CLANG_ANALYZER_NONNULL = YES;
				CLANG_ANALYZER_NUMBER_OBJECT_CONVERSION = YES_AGGRESSIVE;
				CLANG_CXX_LANGUAGE_STANDARD = "gnu++20";
				CLANG_ENABLE_MODULES = YES;
				CLANG_ENABLE_OBJC_ARC = YES;
				CLANG_ENABLE_OBJC_WEAK = YES;
				CLANG_WARN_BLOCK_CAPTURE_AUTORELEASING = YES;
				CLANG_WARN_BOOL_CONVERSION = YES;
				CLANG_WARN_COMMA = YES;
				CLANG_WARN_CONSTANT_CONVERSION = YES;
				CLANG_WARN_DEPRECATED_OBJC_IMPLEMENTATIONS = YES;
				CLANG_WARN_DIRECT_OBJC_ISA_USAGE = YES_ERROR;
				CLANG_WARN_DOCUMENTATION_COMMENTS = YES;
				CLANG_WARN_EMPTY_BODY = YES;
				CLANG_WARN_ENUM_CONVERSION = YES;
				CLANG_WARN_INFINITE_RECURSION = YES;
				CLANG_WARN_INT_CONVERSION = YES;
				CLANG_WARN_NON_LITERAL_NULL_CONVERSION = YES;
				CLANG_WARN_OBJC_IMPLICIT_RETAIN_SELF = YES;
				CLANG_WARN_OBJC_LITERAL_CONVERSION = YES;
				CLANG_WARN_OBJC_ROOT_CLASS = YES_ERROR;
				CLANG_WARN_QUOTED_INCLUDE_IN_FRAMEWORK_HEADER = YES;
				CLANG_WARN_RANGE_LOOP_ANALYSIS = YES;
				CLANG_WARN_STRICT_PROTOTYPES = YES;
				CLANG_WARN_SUSPICIOUS_MOVE = YES;
				CLANG_WARN_UNGUARDED_AVAILABILITY = YES_AGGRESSIVE;
				CLANG_WARN_UNREACHABLE_CODE = YES;
				CLANG_WARN__DUPLICATE_METHOD_MATCH = YES;
				COPY_PHASE_STRIP = NO;
				DEBUG_INFORMATION_FORMAT = "dwarf-with-dsym";
				DEVELOPMENT_TEAM = 68A766T4GX;
				ENABLE_NS_ASSERTIONS = NO;
				ENABLE_STRICT_OBJC_MSGSEND = YES;
				ENABLE_USER_SCRIPT_SANDBOXING = YES;
				GCC_C_LANGUAGE_STANDARD = gnu17;
				GCC_NO_COMMON_BLOCKS = YES;
				GCC_WARN_64_TO_32_BIT_CONVERSION = YES;
				GCC_WARN_ABOUT_RETURN_TYPE = YES_ERROR;
				GCC_WARN_UNDECLARED_SELECTOR = YES;
				GCC_WARN_UNINITIALIZED_AUTOS = YES_AGGRESSIVE;
				GCC_WARN_UNUSED_FUNCTION = YES;
				GCC_WARN_UNUSED_VARIABLE = YES;
				LOCALIZATION_PREFERS_STRING_CATALOGS = YES;
				MTL_ENABLE_DEBUG_INFO = NO;
				MTL_FAST_MATH = YES;
				SDKROOT = appletvos;
				STRING_CATALOG_GENERATE_SYMBOLS = YES;
				SWIFT_COMPILATION_MODE = wholemodule;
				SWIFT_VERSION = 5.0;
				TVOS_DEPLOYMENT_TARGET = 18.6;
				VALIDATE_PRODUCT = YES;
			};
			name = Release;
		};
		B5625A582EC4EDF700C0507C /* Debug */ = {
			isa = XCBuildConfiguration;
			buildSettings = {
				ASSETCATALOG_COMPILER_APPICON_NAME = "App Icon & Top Shelf Image";
				ASSETCATALOG_COMPILER_GLOBAL_ACCENT_COLOR_NAME = AccentColor;
				CODE_SIGN_ENTITLEMENTS = Stingray/Stingray.entitlements;
				CODE_SIGN_STYLE = Automatic;
				CURRENT_PROJECT_VERSION = 1;
				DEVELOPMENT_TEAM = 68A766T4GX;
				ENABLE_PREVIEWS = YES;
				GENERATE_INFOPLIST_FILE = YES;
				INFOPLIST_FILE = Stingray/Info.plist;
				INFOPLIST_KEY_CFBundleDisplayName = Stingray;
				INFOPLIST_KEY_LSApplicationCategoryType = "public.app-category.video";
				INFOPLIST_KEY_UILaunchScreen_Generation = YES;
				INFOPLIST_KEY_UIUserInterfaceStyle = Automatic;
				LD_RUNPATH_SEARCH_PATHS = (
					"$(inherited)",
					"@executable_path/Frameworks",
				);
				MARKETING_VERSION = 1.1.1;
				PRODUCT_BUNDLE_IDENTIFIER = com.benlab.Stingray;
				PRODUCT_NAME = "$(TARGET_NAME)";
				STRING_CATALOG_GENERATE_SYMBOLS = YES;
				SWIFT_APPROACHABLE_CONCURRENCY = YES;
				SWIFT_DEFAULT_ACTOR_ISOLATION = MainActor;
				SWIFT_EMIT_LOC_STRINGS = YES;
				SWIFT_UPCOMING_FEATURE_MEMBER_IMPORT_VISIBILITY = YES;
				SWIFT_VERSION = 6.0;
				TARGETED_DEVICE_FAMILY = 3;
				TVOS_DEPLOYMENT_TARGET = 18.0;
			};
			name = Debug;
		};
		B5625A592EC4EDF700C0507C /* Release */ = {
			isa = XCBuildConfiguration;
			buildSettings = {
				ASSETCATALOG_COMPILER_APPICON_NAME = "App Icon & Top Shelf Image";
				ASSETCATALOG_COMPILER_GLOBAL_ACCENT_COLOR_NAME = AccentColor;
				CODE_SIGN_ENTITLEMENTS = Stingray/Stingray.entitlements;
				CODE_SIGN_STYLE = Automatic;
				CURRENT_PROJECT_VERSION = 1;
				DEVELOPMENT_TEAM = 68A766T4GX;
				ENABLE_PREVIEWS = YES;
				GENERATE_INFOPLIST_FILE = YES;
				INFOPLIST_FILE = Stingray/Info.plist;
				INFOPLIST_KEY_CFBundleDisplayName = Stingray;
				INFOPLIST_KEY_LSApplicationCategoryType = "public.app-category.video";
				INFOPLIST_KEY_UILaunchScreen_Generation = YES;
				INFOPLIST_KEY_UIUserInterfaceStyle = Automatic;
				LD_RUNPATH_SEARCH_PATHS = (
					"$(inherited)",
					"@executable_path/Frameworks",
				);
				MARKETING_VERSION = 1.1.1;
				PRODUCT_BUNDLE_IDENTIFIER = com.benlab.Stingray;
				PRODUCT_NAME = "$(TARGET_NAME)";
				STRING_CATALOG_GENERATE_SYMBOLS = YES;
				SWIFT_APPROACHABLE_CONCURRENCY = YES;
				SWIFT_DEFAULT_ACTOR_ISOLATION = MainActor;
				SWIFT_EMIT_LOC_STRINGS = YES;
				SWIFT_UPCOMING_FEATURE_MEMBER_IMPORT_VISIBILITY = YES;
				SWIFT_VERSION = 6.0;
				TARGETED_DEVICE_FAMILY = 3;
				TVOS_DEPLOYMENT_TARGET = 18.0;
			};
			name = Release;
		};
		B593D4C02EEB58090015EB83 /* Debug */ = {
			isa = XCBuildConfiguration;
			buildSettings = {
				CODE_SIGN_ENTITLEMENTS = TopShelf/TopShelf.entitlements;
				CODE_SIGN_STYLE = Automatic;
				CURRENT_PROJECT_VERSION = 1;
				DEVELOPMENT_TEAM = 68A766T4GX;
				GENERATE_INFOPLIST_FILE = YES;
				INFOPLIST_FILE = TopShelf/Info.plist;
				INFOPLIST_KEY_CFBundleDisplayName = TopShelf;
				INFOPLIST_KEY_NSHumanReadableCopyright = "";
				LD_RUNPATH_SEARCH_PATHS = (
					"$(inherited)",
					"@executable_path/Frameworks",
					"@executable_path/../../Frameworks",
				);
				MARKETING_VERSION = 1.1.1;
				PRODUCT_BUNDLE_IDENTIFIER = com.benlab.Stingray.TopShelf;
				PRODUCT_NAME = "$(TARGET_NAME)";
				SKIP_INSTALL = YES;
				STRING_CATALOG_GENERATE_SYMBOLS = YES;
				SWIFT_APPROACHABLE_CONCURRENCY = YES;
				SWIFT_EMIT_LOC_STRINGS = YES;
				SWIFT_UPCOMING_FEATURE_MEMBER_IMPORT_VISIBILITY = YES;
				SWIFT_VERSION = 6.0;
				TARGETED_DEVICE_FAMILY = 3;
				TVOS_DEPLOYMENT_TARGET = 18.0;
			};
			name = Debug;
		};
		B593D4C12EEB58090015EB83 /* Release */ = {
			isa = XCBuildConfiguration;
			buildSettings = {
				CODE_SIGN_ENTITLEMENTS = TopShelf/TopShelf.entitlements;
				CODE_SIGN_STYLE = Automatic;
				CURRENT_PROJECT_VERSION = 1;
				DEVELOPMENT_TEAM = 68A766T4GX;
				GENERATE_INFOPLIST_FILE = YES;
				INFOPLIST_FILE = TopShelf/Info.plist;
				INFOPLIST_KEY_CFBundleDisplayName = TopShelf;
				INFOPLIST_KEY_NSHumanReadableCopyright = "";
				LD_RUNPATH_SEARCH_PATHS = (
					"$(inherited)",
					"@executable_path/Frameworks",
					"@executable_path/../../Frameworks",
				);
				MARKETING_VERSION = 1.1.1;
				PRODUCT_BUNDLE_IDENTIFIER = com.benlab.Stingray.TopShelf;
				PRODUCT_NAME = "$(TARGET_NAME)";
				SKIP_INSTALL = YES;
				STRING_CATALOG_GENERATE_SYMBOLS = YES;
				SWIFT_APPROACHABLE_CONCURRENCY = YES;
				SWIFT_EMIT_LOC_STRINGS = YES;
				SWIFT_UPCOMING_FEATURE_MEMBER_IMPORT_VISIBILITY = YES;
				SWIFT_VERSION = 6.0;
				TARGETED_DEVICE_FAMILY = 3;
				TVOS_DEPLOYMENT_TARGET = 18.0;
			};
			name = Release;
		};
/* End XCBuildConfiguration section */

/* Begin XCConfigurationList section */
		B5625A472EC4EDF500C0507C /* Build configuration list for PBXProject "Stingray" */ = {
			isa = XCConfigurationList;
			buildConfigurations = (
				B5625A552EC4EDF700C0507C /* Debug */,
				B5625A562EC4EDF700C0507C /* Release */,
			);
			defaultConfigurationIsVisible = 0;
			defaultConfigurationName = Release;
		};
		B5625A572EC4EDF700C0507C /* Build configuration list for PBXNativeTarget "Stingray" */ = {
			isa = XCConfigurationList;
			buildConfigurations = (
				B5625A582EC4EDF700C0507C /* Debug */,
				B5625A592EC4EDF700C0507C /* Release */,
			);
			defaultConfigurationIsVisible = 0;
			defaultConfigurationName = Release;
		};
		B593D4BF2EEB58090015EB83 /* Build configuration list for PBXNativeTarget "TopShelf" */ = {
			isa = XCConfigurationList;
			buildConfigurations = (
				B593D4C02EEB58090015EB83 /* Debug */,
				B593D4C12EEB58090015EB83 /* Release */,
			);
			defaultConfigurationIsVisible = 0;
			defaultConfigurationName = Release;
		};
/* End XCConfigurationList section */

/* Begin XCRemoteSwiftPackageReference section */
		B506A9E02EC8341A0086F657 /* XCRemoteSwiftPackageReference "BlurHashKit" */ = {
			isa = XCRemoteSwiftPackageReference;
			repositoryURL = "https://github.com/LePips/BlurHashKit";
			requirement = {
				kind = upToNextMajorVersion;
				minimumVersion = 1.2.0;
			};
		};
		B56CD24B2EE78EE600B1F21F /* XCRemoteSwiftPackageReference "SwiftLintPlugins" */ = {
			isa = XCRemoteSwiftPackageReference;
			repositoryURL = "https://github.com/SimplyDanny/SwiftLintPlugins";
			requirement = {
				kind = upToNextMajorVersion;
				minimumVersion = 0.62.2;
			};
		};
/* End XCRemoteSwiftPackageReference section */

/* Begin XCSwiftPackageProductDependency section */
		B506A9E12EC8341A0086F657 /* BlurHashKit */ = {
			isa = XCSwiftPackageProductDependency;
			package = B506A9E02EC8341A0086F657 /* XCRemoteSwiftPackageReference "BlurHashKit" */;
			productName = BlurHashKit;
		};
		B56CD24C2EE78F1C00B1F21F /* SwiftLintBuildToolPlugin */ = {
			isa = XCSwiftPackageProductDependency;
			package = B56CD24B2EE78EE600B1F21F /* XCRemoteSwiftPackageReference "SwiftLintPlugins" */;
			productName = "plugin:SwiftLintBuildToolPlugin";
		};
/* End XCSwiftPackageProductDependency section */
	};
	rootObject = B5625A442EC4EDF500C0507C /* Project object */;
}
